
Microsoft Visual Studio Solution File, Format Version 12.00
# Visual Studio Version 17
VisualStudioVersion = 17.14.36518.9
MinimumVisualStudioVersion = 10.0.40219.1
Project("{FAE04EC0-301F-11D3-BF4B-00C04F79EFBC}") = "DoAnMonHoc.GUI", "menu\DoAnMonHoc.GUI.csproj", "{8753C626-2C0F-44FE-9416-BD14E794063F}"
EndProject
Project("{FAE04EC0-301F-11D3-BF4B-00C04F79EFBC}") = "DoAnMonHoc.BUS", "DoAnMonHoc.BUS\DoAnMonHoc.BUS.csproj", "{1FC12933-FD6A-42DC-A88E-09CF63721A75}"
EndProject
Project("{FAE04EC0-301F-11D3-BF4B-00C04F79EFBC}") = "DoAnMonHoc.DAL", "DoAnMonHoc.DAL\DoAnMonHoc.DAL.csproj", "{86144E30-DD31-4685-BFA7-FDD3E4BFBE07}"
EndProject
Project("{54435603-DBB4-11D2-8724-00A0C9A8B90C}") = "TestSetUp", "TestSetUp\TestSetUp.vdproj", "{12CF54D3-057E-8108-EEF5-6D5FDF80BF5A}"
EndProject
Global
	GlobalSection(SolutionConfigurationPlatforms) = preSolution
		Debug|Any CPU = Debug|Any CPU
		Release|Any CPU = Release|Any CPU
	EndGlobalSection
	GlobalSection(ProjectConfigurationPlatforms) = postSolution
		{8753C626-2C0F-44FE-9416-BD14E794063F}.Debug|Any CPU.ActiveCfg = Debug|Any CPU
		{8753C626-2C0F-44FE-9416-BD14E794063F}.Debug|Any CPU.Build.0 = Debug|Any CPU
		{8753C626-2C0F-44FE-9416-BD14E794063F}.Release|Any CPU.ActiveCfg = Release|Any CPU
		{8753C626-2C0F-44FE-9416-BD14E794063F}.Release|Any CPU.Build.0 = Release|Any CPU
		{1FC12933-FD6A-42DC-A88E-09CF63721A75}.Debug|Any CPU.ActiveCfg = Debug|Any CPU
		{1FC12933-FD6A-42DC-A88E-09CF63721A75}.Debug|Any CPU.Build.0 = Debug|Any CPU
		{1FC12933-FD6A-42DC-A88E-09CF63721A75}.Release|Any CPU.ActiveCfg = Release|Any CPU
		{1FC12933-FD6A-42DC-A88E-09CF63721A75}.Release|Any CPU.Build.0 = Release|Any CPU
		{86144E30-DD31-4685-BFA7-FDD3E4BFBE07}.Debug|Any CPU.ActiveCfg = Debug|Any CPU
		{86144E30-DD31-4685-BFA7-FDD3E4BFBE07}.Debug|Any CPU.Build.0 = Debug|Any CPU
		{86144E30-DD31-4685-BFA7-FDD3E4BFBE07}.Release|Any CPU.ActiveCfg = Release|Any CPU
		{86144E30-DD31-4685-BFA7-FDD3E4BFBE07}.Release|Any CPU.Build.0 = Release|Any CPU
		{12CF54D3-057E-8108-EEF5-6D5FDF80BF5A}.Debug|Any CPU.ActiveCfg = Debug
		{12CF54D3-057E-8108-EEF5-6D5FDF80BF5A}.Release|Any CPU.ActiveCfg = Release
	EndGlobalSection
	GlobalSection(SolutionProperties) = preSolution
		HideSolutionNode = FALSE
	EndGlobalSection
	GlobalSection(ExtensibilityGlobals) = postSolution
		SolutionGuid = {90F90DAE-334B-4165-9AD2-E56FA965D3F1}
	EndGlobalSection
EndGlobal
