
Microsoft Visual Studio Solution File, Format Version 12.00
# Visual Studio Version 17
VisualStudioVersion = 17.14.36518.9 d17.14
MinimumVisualStudioVersion = 10.0.40219.1
Project("{FAE04EC0-301F-11D3-BF4B-00C04F79EFBC}") = "menu", "menu\menu.csproj", "{8753C626-2C0F-44FE-9416-BD14E794063F}"
EndProject
Global
	GlobalSection(SolutionConfigurationPlatforms) = preSolution
		Debug|Any CPU = Debug|Any CPU
		Release|Any CPU = Release|Any CPU
	EndGlobalSection
	GlobalSection(ProjectConfigurationPlatforms) = postSolution
		{8753C626-2C0F-44FE-9416-BD14E794063F}.Debug|Any CPU.ActiveCfg = Debug|Any CPU
		{8753C626-2C0F-44FE-9416-BD14E794063F}.Debug|Any CPU.Build.0 = Debug|Any CPU
		{8753C626-2C0F-44FE-9416-BD14E794063F}.Release|Any CPU.ActiveCfg = Release|Any CPU
		{8753C626-2C0F-44FE-9416-BD14E794063F}.Release|Any CPU.Build.0 = Release|Any CPU
	EndGlobalSection
	GlobalSection(SolutionProperties) = preSolution
		HideSolutionNode = FALSE
	EndGlobalSection
	GlobalSection(ExtensibilityGlobals) = postSolution
		SolutionGuid = {90F90DAE-334B-4165-9AD2-E56FA965D3F1}
	EndGlobalSection
EndGlobal
